--- 
dependencies: 
  ronn: 
    group: 
    - :development
    version: ">= 0"
  rake: 
    group: 
    - :default
    version: ">= 0"
  redgreen: 
    group: 
    - :development
    version: ">= 0"
  launchy: 
    group: 
    - :default
    version: ">= 0"
specs: 
- rake: 
    version: 0.8.7
- configuration: 
    version: 1.1.0
- hpricot: 
    version: 0.8.2
- launchy: 
    version: 0.3.5
- rdiscount: 
    version: 1.6.3.1
- redgreen: 
    version: 1.2.2
- ronn: 
    version: "0.5"
hash: 65d73d096c71c34d37e24bf480f2427c83c5c4bb
sources: 
- Rubygems: 
    uri: http://gemcutter.org
