--- 
dependencies: 
  shoe: 
    group: 
    - :default
    version: ">= 0"
  rake: 
    group: 
    - :default
    version: ">= 0"
  bundler: 
    group: 
    - :default
    version: ">= 0"
  cucumber: 
    group: 
    - :default
    version: ">= 0"
specs: 
- rake: 
    version: 0.8.7
- builder: 
    version: 2.1.2
- bundler: 
    version: 0.9.13
- diff-lcs: 
    version: 1.1.2
- json_pure: 
    version: 1.2.3
- polyglot: 
    version: 0.3.1
- term-ansicolor: 
    version: 1.0.5
- treetop: 
    version: 1.4.5
- cucumber: 
    version: 0.6.3
- shoe: 
    version: 0.2.0
    source: 0
hash: da92e6d0d1efc7690c0eda0c3ee7e3c4c6fc3a13
sources: 
- Path: 
    path: !ruby/object:Pathname 
      path: /Users/matthew/Code/.inactive/shoe
- Rubygems: 
    uri: http://gemcutter.org
