--- 
dependencies: 
  shoe: 
    group: 
    - :default
    version: ">= 0"
  rake: 
    group: 
    - :default
    version: ">= 0"
  bundler: 
    group: 
    - :default
    version: ">= 0"
  cucumber: 
    group: 
    - :default
    version: ">= 0"
specs: 
- rake: 
    version: 0.8.7
- builder: 
    version: 2.1.2
- bundler: 
    version: 0.9.16
- diff-lcs: 
    version: 1.1.2
- json_pure: 
    version: 1.2.3
- polyglot: 
    version: 0.3.1
- term-ansicolor: 
    version: 1.0.5
- treetop: 
    version: 1.4.5
- cucumber: 
    version: 0.6.3
- shoe: 
    version: 0.3.0
    source: 0
hash: a62f745ea4d49230a28f18d4a72b2dd810e20037
sources: 
- Path: 
    path: !ruby/object:Pathname 
      path: .
- Rubygems: 
    uri: http://gemcutter.org
